DEPENDENCIES
  apache_part
    path: site-cookbooks/apache_part
  cloudconductor
    path: site-cookbooks/cloudconductor
  haproxy_part
    path: site-cookbooks/haproxy_part
  pgpool-II_part
    path: site-cookbooks/pgpool-II_part
  postgresql_part
    path: site-cookbooks/postgresql_part
  tomcat_part
    path: site-cookbooks/tomcat_part

GRAPH
  apache2 (3.0.1)
    iptables (>= 0.0.0)
    logrotate (>= 0.0.0)
  apache_part (0.0.1)
    apache2 (>= 0.0.0)
    yum-epel (>= 0.0.0)
  apt (2.7.0)
  build-essential (2.2.1)
  chef-sugar (3.0.1)
  cloudconductor (0.0.1)
  consul (0.9.0)
    chef-provisioning (>= 0.0.0)
    golang (~> 1.4)
    libarchive (>= 0.0.0)
    runit (>= 0.0.0)
    yum-repoforge (>= 0.0.0)
  cpu (0.2.0)
  database (4.0.2)
    postgresql (>= 1.0.0)
  golang (1.5.0)
  haproxy (1.6.6)
    build-essential (>= 0.0.0)
    cpu (>= 0.2.0)
  haproxy_part (0.1.0)
    cloudconductor (>= 0.0.0)
    haproxy (>= 0.0.0)
    rsyslog (>= 0.0.0)
  iptables (0.14.1)
  java (1.31.0)
  libarchive (0.4.2)
    apt (~> 2.5)
    build-essential (~> 2.0)
  logrotate (1.9.1)
  openssl (4.0.0)
    chef-sugar (>= 0.0.0)
  pgpool-II_part (0.0.1)
    cloudconductor (>= 0.0.0)
    yum (>= 0.0.0)
  postgresql (3.4.18)
    apt (>= 1.9.0)
    build-essential (>= 0.0.0)
    openssl (~> 4.0.0)
  postgresql_part (0.0.1)
    cloudconductor (>= 0.0.0)
    consul (>= 0.0.0)
    database (= 4.0.2)
    openssl (>= 0.0.0)
    postgresql (>= 0.0.0)
  rsyslog (1.15.0)
  runit (1.5.18)
    build-essential (>= 0.0.0)
    yum (~> 3.0)
    yum-epel (>= 0.0.0)
  tomcat (0.17.3)
    java (>= 0.0.0)
    openssl (>= 0.0.0)
    yum-epel (>= 0.0.0)
  tomcat_part (0.0.1)
    cloudconductor (>= 0.0.0)
    database (>= 0.0.0)
    java (>= 0.0.0)
    postgresql (>= 0.0.0)
    tomcat (>= 0.0.0)
    yum (>= 0.0.0)
  yum (3.5.3)
  yum-epel (0.6.0)
    yum (~> 3.0)
  yum-repoforge (0.5.0)
    yum (~> 3.0)
    yum-epel (>= 0.0.0)
